
Microsoft Visual Studio Solution File, Format Version 12.00
# Visual Studio Version 17
VisualStudioVersion = 17.5.33530.505
MinimumVisualStudioVersion = 10.0.40219.1
Project("{9A19103F-16F7-4668-BE54-9A1E7A4F7556}") = "CRUDExample", "CRUDExample\CRUDExample.csproj", "{5280E26A-3537-46E8-B65B-A23EB1D5E216}"
EndProject
Project("{9A19103F-16F7-4668-BE54-9A1E7A4F7556}") = "CRUDTests", "CRUDTests\CRUDTests.csproj", "{0A1D75E0-B85F-46DF-8B4E-B3DEEBE55CAA}"
EndProject
Project("{FAE04EC0-301F-11D3-BF4B-00C04F79EFBC}") = "Entities", "Entities\Entities.csproj", "{35AEBEF5-2B49-42C7-BAA0-20BEDC7A14B9}"
EndProject
Project("{FAE04EC0-301F-11D3-BF4B-00C04F79EFBC}") = "ServiceContract", "ServiceContract\ServiceContract.csproj", "{1CE19469-B9C0-465E-913A-087E26640429}"
EndProject
Project("{FAE04EC0-301F-11D3-BF4B-00C04F79EFBC}") = "Services", "Services\Services.csproj", "{04295B36-EB6C-4B5F-BEBB-C2262F64F0B5}"
EndProject
Global
	GlobalSection(SolutionConfigurationPlatforms) = preSolution
		Debug|Any CPU = Debug|Any CPU
		Release|Any CPU = Release|Any CPU
	EndGlobalSection
	GlobalSection(ProjectConfigurationPlatforms) = postSolution
		{5280E26A-3537-46E8-B65B-A23EB1D5E216}.Debug|Any CPU.ActiveCfg = Debug|Any CPU
		{5280E26A-3537-46E8-B65B-A23EB1D5E216}.Debug|Any CPU.Build.0 = Debug|Any CPU
		{5280E26A-3537-46E8-B65B-A23EB1D5E216}.Release|Any CPU.ActiveCfg = Release|Any CPU
		{5280E26A-3537-46E8-B65B-A23EB1D5E216}.Release|Any CPU.Build.0 = Release|Any CPU
		{0A1D75E0-B85F-46DF-8B4E-B3DEEBE55CAA}.Debug|Any CPU.ActiveCfg = Debug|Any CPU
		{0A1D75E0-B85F-46DF-8B4E-B3DEEBE55CAA}.Debug|Any CPU.Build.0 = Debug|Any CPU
		{0A1D75E0-B85F-46DF-8B4E-B3DEEBE55CAA}.Release|Any CPU.ActiveCfg = Release|Any CPU
		{0A1D75E0-B85F-46DF-8B4E-B3DEEBE55CAA}.Release|Any CPU.Build.0 = Release|Any CPU
		{35AEBEF5-2B49-42C7-BAA0-20BEDC7A14B9}.Debug|Any CPU.ActiveCfg = Debug|Any CPU
		{35AEBEF5-2B49-42C7-BAA0-20BEDC7A14B9}.Debug|Any CPU.Build.0 = Debug|Any CPU
		{35AEBEF5-2B49-42C7-BAA0-20BEDC7A14B9}.Release|Any CPU.ActiveCfg = Release|Any CPU
		{35AEBEF5-2B49-42C7-BAA0-20BEDC7A14B9}.Release|Any CPU.Build.0 = Release|Any CPU
		{1CE19469-B9C0-465E-913A-087E26640429}.Debug|Any CPU.ActiveCfg = Debug|Any CPU
		{1CE19469-B9C0-465E-913A-087E26640429}.Debug|Any CPU.Build.0 = Debug|Any CPU
		{1CE19469-B9C0-465E-913A-087E26640429}.Release|Any CPU.ActiveCfg = Release|Any CPU
		{1CE19469-B9C0-465E-913A-087E26640429}.Release|Any CPU.Build.0 = Release|Any CPU
		{04295B36-EB6C-4B5F-BEBB-C2262F64F0B5}.Debug|Any CPU.ActiveCfg = Debug|Any CPU
		{04295B36-EB6C-4B5F-BEBB-C2262F64F0B5}.Debug|Any CPU.Build.0 = Debug|Any CPU
		{04295B36-EB6C-4B5F-BEBB-C2262F64F0B5}.Release|Any CPU.ActiveCfg = Release|Any CPU
		{04295B36-EB6C-4B5F-BEBB-C2262F64F0B5}.Release|Any CPU.Build.0 = Release|Any CPU
	EndGlobalSection
	GlobalSection(SolutionProperties) = preSolution
		HideSolutionNode = FALSE
	EndGlobalSection
	GlobalSection(ExtensibilityGlobals) = postSolution
		SolutionGuid = {50B99B4A-9A4D-4240-93F9-0FA47ECC5793}
	EndGlobalSection
EndGlobal
